// !$*UTF8*$!
{
	archiveVersion = 1;
	classes = {
	};
	objectVersion = 46;
	objects = {

/* Begin PBXBuildFile section */
		110CCA481EA316BD00F6BCAF /* SWRevealViewController.m in Sources */ = {isa = PBXBuildFile; fileRef = 110CCA471EA316BD00F6BCAF /* SWRevealViewController.m */; };
		110CCA4B1EA316F900F6BCAF /* Reachability.m in Sources */ = {isa = PBXBuildFile; fileRef = 110CCA4A1EA316F900F6BCAF /* Reachability.m */; };
		110CCA541EA31BC200F6BCAF /* FireBaseHandler.swift in Sources */ = {isa = PBXBuildFile; fileRef = 110CCA531EA31BC200F6BCAF /* FireBaseHandler.swift */; };
		110CCA561EA3215B00F6BCAF /* SignUpVC.swift in Sources */ = {isa = PBXBuildFile; fileRef = 110CCA551EA3215B00F6BCAF /* SignUpVC.swift */; };
		110CCA581EA34D2600F6BCAF /* MenuTBVC.swift in Sources */ = {isa = PBXBuildFile; fileRef = 110CCA571EA34D2600F6BCAF /* MenuTBVC.swift */; };
		110CCA5A1EA3C4F100F6BCAF /* Model.swift in Sources */ = {isa = PBXBuildFile; fileRef = 110CCA591EA3C4F100F6BCAF /* Model.swift */; };
		110CCAA81EA5F92900F6BCAF /* MenuCollectionCell.swift in Sources */ = {isa = PBXBuildFile; fileRef = 110CCAA71EA5F92900F6BCAF /* MenuCollectionCell.swift */; };
		1138CF251EAC57B700593E4F /* FirstInfoCell.swift in Sources */ = {isa = PBXBuildFile; fileRef = 1138CF241EAC57B700593E4F /* FirstInfoCell.swift */; };
		1138CF271EAC5A8F00593E4F /* FirstDescriptionCell.swift in Sources */ = {isa = PBXBuildFile; fileRef = 1138CF261EAC5A8F00593E4F /* FirstDescriptionCell.swift */; };
		1138CF291EAC62E400593E4F /* FirstTeacherCell.swift in Sources */ = {isa = PBXBuildFile; fileRef = 1138CF281EAC62E400593E4F /* FirstTeacherCell.swift */; };
		1138CF2B1EAC649100593E4F /* FirstOrganizerCell.swift in Sources */ = {isa = PBXBuildFile; fileRef = 1138CF2A1EAC649100593E4F /* FirstOrganizerCell.swift */; };
		1138CF311EAC8E7400593E4F /* ThirdLiseVC.swift in Sources */ = {isa = PBXBuildFile; fileRef = 1138CF301EAC8E7400593E4F /* ThirdLiseVC.swift */; };
		1138CF331EACD93800593E4F /* ThirdDescriptionCell.swift in Sources */ = {isa = PBXBuildFile; fileRef = 1138CF321EACD93800593E4F /* ThirdDescriptionCell.swift */; };
		1138CF351EACD95400593E4F /* ThirdLiseCell.swift in Sources */ = {isa = PBXBuildFile; fileRef = 1138CF341EACD95400593E4F /* ThirdLiseCell.swift */; };
		113A43CB1EAF38EF00A21B0C /* AnimatedTransitioner.swift in Sources */ = {isa = PBXBuildFile; fileRef = 113A43C91EAF38EF00A21B0C /* AnimatedTransitioner.swift */; };
		113A43CC1EAF38EF00A21B0C /* PresentationController.swift in Sources */ = {isa = PBXBuildFile; fileRef = 113A43CA1EAF38EF00A21B0C /* PresentationController.swift */; };
		113A43CE1EAF395F00A21B0C /* ThirdDetailOverlayVC.swift in Sources */ = {isa = PBXBuildFile; fileRef = 113A43CD1EAF395F00A21B0C /* ThirdDetailOverlayVC.swift */; };
		114E3A111EA8BD8400897B0E /* FirstMainTbvc.swift in Sources */ = {isa = PBXBuildFile; fileRef = 114E3A101EA8BD8400897B0E /* FirstMainTbvc.swift */; };
		114E3A131EA8BDA700897B0E /* FirstMainTbvCell.swift in Sources */ = {isa = PBXBuildFile; fileRef = 114E3A121EA8BDA700897B0E /* FirstMainTbvCell.swift */; };
		114E3A151EA8C61900897B0E /* TestModel.swift in Sources */ = {isa = PBXBuildFile; fileRef = 114E3A141EA8C61800897B0E /* TestModel.swift */; };
		114E3A171EA8D1AF00897B0E /* FirstVC.swift in Sources */ = {isa = PBXBuildFile; fileRef = 114E3A161EA8D1AF00897B0E /* FirstVC.swift */; };
		114E3A191EA9086E00897B0E /* FourthVC.swift in Sources */ = {isa = PBXBuildFile; fileRef = 114E3A181EA9086E00897B0E /* FourthVC.swift */; };
		114E3A1B1EA90C2400897B0E /* FourthCollectionCell.swift in Sources */ = {isa = PBXBuildFile; fileRef = 114E3A1A1EA90C2400897B0E /* FourthCollectionCell.swift */; };
		1186955C1EB08F9C0090E84F /* ChatEnterVC.swift in Sources */ = {isa = PBXBuildFile; fileRef = 1186955B1EB08F9C0090E84F /* ChatEnterVC.swift */; };
		1186955E1EB1DDDE0090E84F /* ShowQRcodeVC.swift in Sources */ = {isa = PBXBuildFile; fileRef = 1186955D1EB1DDDE0090E84F /* ShowQRcodeVC.swift */; };
		118695601EB1DFC80090E84F /* SettingVC.swift in Sources */ = {isa = PBXBuildFile; fileRef = 1186955F1EB1DFC80090E84F /* SettingVC.swift */; };
		118695621EB1E3320090E84F /* VidioVC.swift in Sources */ = {isa = PBXBuildFile; fileRef = 118695611EB1E3320090E84F /* VidioVC.swift */; };
		11A367541EAB1A85000BBAE2 /* DOFavoriteButton.swift in Sources */ = {isa = PBXBuildFile; fileRef = 11A3674F1EAB1A85000BBAE2 /* DOFavoriteButton.swift */; };
		11A367551EAB1A85000BBAE2 /* heart.png in Resources */ = {isa = PBXBuildFile; fileRef = 11A367501EAB1A85000BBAE2 /* heart.png */; };
		11A367561EAB1A85000BBAE2 /* like.png in Resources */ = {isa = PBXBuildFile; fileRef = 11A367511EAB1A85000BBAE2 /* like.png */; };
		11A367571EAB1A85000BBAE2 /* smile.png in Resources */ = {isa = PBXBuildFile; fileRef = 11A367521EAB1A85000BBAE2 /* smile.png */; };
		11A367581EAB1A85000BBAE2 /* star.png in Resources */ = {isa = PBXBuildFile; fileRef = 11A367531EAB1A85000BBAE2 /* star.png */; };
		11A3675A1EAB33FC000BBAE2 /* FirstDetailTbvc.swift in Sources */ = {isa = PBXBuildFile; fileRef = 11A367591EAB33FC000BBAE2 /* FirstDetailTbvc.swift */; };
		11A3675C1EAB35FE000BBAE2 /* firstHeroCell.swift in Sources */ = {isa = PBXBuildFile; fileRef = 11A3675B1EAB35FE000BBAE2 /* firstHeroCell.swift */; };
		11A3675E1EAB5355000BBAE2 /* FirstMapVC.swift in Sources */ = {isa = PBXBuildFile; fileRef = 11A3675D1EAB5355000BBAE2 /* FirstMapVC.swift */; };
		11A367601EAB567C000BBAE2 /* ThirdMainTbvc.swift in Sources */ = {isa = PBXBuildFile; fileRef = 11A3675F1EAB567C000BBAE2 /* ThirdMainTbvc.swift */; };
		11A367691EAB74C5000BBAE2 /* MyActivityVC.swift in Sources */ = {isa = PBXBuildFile; fileRef = 11A367681EAB74C5000BBAE2 /* MyActivityVC.swift */; };
		11AC16391EADD86B00C5D619 /* ThirdDetailTbvc.swift in Sources */ = {isa = PBXBuildFile; fileRef = 11AC16381EADD86B00C5D619 /* ThirdDetailTbvc.swift */; };
		11AC163B1EADDA3400C5D619 /* ThirdDetailVC.swift in Sources */ = {isa = PBXBuildFile; fileRef = 11AC163A1EADDA3400C5D619 /* ThirdDetailVC.swift */; };
		11AC163D1EADDECF00C5D619 /* ThirdDetailHeroCell.swift in Sources */ = {isa = PBXBuildFile; fileRef = 11AC163C1EADDECF00C5D619 /* ThirdDetailHeroCell.swift */; };
		11AC16411EADE25400C5D619 /* ThirdDetailCourseCell.swift in Sources */ = {isa = PBXBuildFile; fileRef = 11AC16401EADE25400C5D619 /* ThirdDetailCourseCell.swift */; };
		11AC16431EADE27100C5D619 /* ThirdDetailSchoolCell.swift in Sources */ = {isa = PBXBuildFile; fileRef = 11AC16421EADE27100C5D619 /* ThirdDetailSchoolCell.swift */; };
		11AC16451EADE28D00C5D619 /* ThirdDetailTourCell.swift in Sources */ = {isa = PBXBuildFile; fileRef = 11AC16441EADE28D00C5D619 /* ThirdDetailTourCell.swift */; };
		11AC16471EADF4A700C5D619 /* ActLikeVC.swift in Sources */ = {isa = PBXBuildFile; fileRef = 11AC16461EADF4A700C5D619 /* ActLikeVC.swift */; };
		11AC16491EADF4BF00C5D619 /* ActOrderVC.swift in Sources */ = {isa = PBXBuildFile; fileRef = 11AC16481EADF4BF00C5D619 /* ActOrderVC.swift */; };
		11AC164B1EADFD1E00C5D619 /* ZoomingLayout.swift in Sources */ = {isa = PBXBuildFile; fileRef = 11AC164A1EADFD1E00C5D619 /* ZoomingLayout.swift */; };
		11AC164D1EADFD8100C5D619 /* ActLikeCell.swift in Sources */ = {isa = PBXBuildFile; fileRef = 11AC164C1EADFD8100C5D619 /* ActLikeCell.swift */; };
		11AC164F1EADFD9800C5D619 /* ActOrderCell.swift in Sources */ = {isa = PBXBuildFile; fileRef = 11AC164E1EADFD9800C5D619 /* ActOrderCell.swift */; };
		11C152591EA1FE7E00403394 /* AppDelegate.swift in Sources */ = {isa = PBXBuildFile; fileRef = 11C152581EA1FE7E00403394 /* AppDelegate.swift */; };
		11C1525E1EA1FE7E00403394 /* Main.storyboard in Resources */ = {isa = PBXBuildFile; fileRef = 11C1525C1EA1FE7E00403394 /* Main.storyboard */; };
		11C152611EA1FE7E00403394 /* JustStudy.xcdatamodeld in Sources */ = {isa = PBXBuildFile; fileRef = 11C1525F1EA1FE7E00403394 /* JustStudy.xcdatamodeld */; };
		11C152631EA1FE7E00403394 /* Assets.xcassets in Resources */ = {isa = PBXBuildFile; fileRef = 11C152621EA1FE7E00403394 /* Assets.xcassets */; };
		11C152661EA1FE7E00403394 /* LaunchScreen.storyboard in Resources */ = {isa = PBXBuildFile; fileRef = 11C152641EA1FE7E00403394 /* LaunchScreen.storyboard */; };
		11C1526E1EA223FC00403394 /* GoogleService-Info.plist in Resources */ = {isa = PBXBuildFile; fileRef = 11C1526D1EA223FC00403394 /* GoogleService-Info.plist */; };
		11C152701EA2303700403394 /* LoginVC.swift in Sources */ = {isa = PBXBuildFile; fileRef = 11C1526F1EA2303700403394 /* LoginVC.swift */; };
		11C152721EA2305200403394 /* MainVC.swift in Sources */ = {isa = PBXBuildFile; fileRef = 11C152711EA2305200403394 /* MainVC.swift */; };
		821D1F3D9098DDCC9E346134 /* Pods_JustStudy.framework in Frameworks */ = {isa = PBXBuildFile; fileRef = 932841AAB021DBAB20C1B1D2 /* Pods_JustStudy.framework */; };
		92E83D751EB0C79C0015A102 /* MemberVC.swift in Sources */ = {isa = PBXBuildFile; fileRef = 92E83D741EB0C79C0015A102 /* MemberVC.swift */; };
		92E83D771EB0C9B10015A102 /* MemberListTVC.swift in Sources */ = {isa = PBXBuildFile; fileRef = 92E83D761EB0C9B10015A102 /* MemberListTVC.swift */; };
		92E83D791EB0CA220015A102 /* ManagerVC.swift in Sources */ = {isa = PBXBuildFile; fileRef = 92E83D781EB0CA220015A102 /* ManagerVC.swift */; };
		92E83D831EB0FA190015A102 /* IntroPageVC.swift in Sources */ = {isa = PBXBuildFile; fileRef = 92E83D821EB0FA190015A102 /* IntroPageVC.swift */; };
		92E83D851EB0FB570015A102 /* IntroPageCVC.swift in Sources */ = {isa = PBXBuildFile; fileRef = 92E83D841EB0FB570015A102 /* IntroPageCVC.swift */; };
		92E83DA51EB252350015A102 /* QRListVC.swift in Sources */ = {isa = PBXBuildFile; fileRef = 92E83DA41EB252350015A102 /* QRListVC.swift */; };
		92E83DA71EB252830015A102 /* QRScanVC.swift in Sources */ = {isa = PBXBuildFile; fileRef = 92E83DA61EB252830015A102 /* QRScanVC.swift */; };
		92E83DA91EB256830015A102 /* beep.mp3 in Resources */ = {isa = PBXBuildFile; fileRef = 92E83DA81EB256830015A102 /* beep.mp3 */; };
/* End PBXBuildFile section */

/* Begin PBXFileReference section */
		110CCA451EA316BD00F6BCAF /* JustStudy-Bridging-Header.h */ = {isa = PBXFileReference; lastKnownFileType = sourcecode.c.h; path = "JustStudy-Bridging-Header.h"; sourceTree = "<group>"; };
		110CCA461EA316BD00F6BCAF /* SWRevealViewController.h */ = {isa = PBXFileReference; fileEncoding = 4; lastKnownFileType = sourcecode.c.h; path = SWRevealViewController.h; sourceTree = "<group>"; };
		110CCA471EA316BD00F6BCAF /* SWRevealViewController.m */ = {isa = PBXFileReference; fileEncoding = 4; lastKnownFileType = sourcecode.c.objc; path = SWRevealViewController.m; sourceTree = "<group>"; };
		110CCA491EA316F900F6BCAF /* Reachability.h */ = {isa = PBXFileReference; fileEncoding = 4; lastKnownFileType = sourcecode.c.h; path = Reachability.h; sourceTree = "<group>"; };
		110CCA4A1EA316F900F6BCAF /* Reachability.m */ = {isa = PBXFileReference; fileEncoding = 4; lastKnownFileType = sourcecode.c.objc; path = Reachability.m; sourceTree = "<group>"; };
		110CCA531EA31BC200F6BCAF /* FireBaseHandler.swift */ = {isa = PBXFileReference; fileEncoding = 4; lastKnownFileType = sourcecode.swift; path = FireBaseHandler.swift; sourceTree = "<group>"; };
		110CCA551EA3215B00F6BCAF /* SignUpVC.swift */ = {isa = PBXFileReference; fileEncoding = 4; lastKnownFileType = sourcecode.swift; path = SignUpVC.swift; sourceTree = "<group>"; };
		110CCA571EA34D2600F6BCAF /* MenuTBVC.swift */ = {isa = PBXFileReference; fileEncoding = 4; lastKnownFileType = sourcecode.swift; path = MenuTBVC.swift; sourceTree = "<group>"; };
		110CCA591EA3C4F100F6BCAF /* Model.swift */ = {isa = PBXFileReference; fileEncoding = 4; lastKnownFileType = sourcecode.swift; path = Model.swift; sourceTree = "<group>"; };
		110CCAA71EA5F92900F6BCAF /* MenuCollectionCell.swift */ = {isa = PBXFileReference; fileEncoding = 4; lastKnownFileType = sourcecode.swift; path = MenuCollectionCell.swift; sourceTree = "<group>"; };
		1138CF241EAC57B700593E4F /* FirstInfoCell.swift */ = {isa = PBXFileReference; fileEncoding = 4; lastKnownFileType = sourcecode.swift; path = FirstInfoCell.swift; sourceTree = "<group>"; };
		1138CF261EAC5A8F00593E4F /* FirstDescriptionCell.swift */ = {isa = PBXFileReference; fileEncoding = 4; lastKnownFileType = sourcecode.swift; path = FirstDescriptionCell.swift; sourceTree = "<group>"; };
		1138CF281EAC62E400593E4F /* FirstTeacherCell.swift */ = {isa = PBXFileReference; fileEncoding = 4; lastKnownFileType = sourcecode.swift; path = FirstTeacherCell.swift; sourceTree = "<group>"; };
		1138CF2A1EAC649100593E4F /* FirstOrganizerCell.swift */ = {isa = PBXFileReference; fileEncoding = 4; lastKnownFileType = sourcecode.swift; path = FirstOrganizerCell.swift; sourceTree = "<group>"; };
		1138CF301EAC8E7400593E4F /* ThirdLiseVC.swift */ = {isa = PBXFileReference; fileEncoding = 4; lastKnownFileType = sourcecode.swift; path = ThirdLiseVC.swift; sourceTree = "<group>"; };
		1138CF321EACD93800593E4F /* ThirdDescriptionCell.swift */ = {isa = PBXFileReference; fileEncoding = 4; lastKnownFileType = sourcecode.swift; path = ThirdDescriptionCell.swift; sourceTree = "<group>"; };
		1138CF341EACD95400593E4F /* ThirdLiseCell.swift */ = {isa = PBXFileReference; fileEncoding = 4; lastKnownFileType = sourcecode.swift; path = ThirdLiseCell.swift; sourceTree = "<group>"; };
		113A43C91EAF38EF00A21B0C /* AnimatedTransitioner.swift */ = {isa = PBXFileReference; fileEncoding = 4; lastKnownFileType = sourcecode.swift; path = AnimatedTransitioner.swift; sourceTree = "<group>"; };
		113A43CA1EAF38EF00A21B0C /* PresentationController.swift */ = {isa = PBXFileReference; fileEncoding = 4; lastKnownFileType = sourcecode.swift; path = PresentationController.swift; sourceTree = "<group>"; };
		113A43CD1EAF395F00A21B0C /* ThirdDetailOverlayVC.swift */ = {isa = PBXFileReference; fileEncoding = 4; lastKnownFileType = sourcecode.swift; path = ThirdDetailOverlayVC.swift; sourceTree = "<group>"; };
		113E8DCB46BA3CA96A0FD6BD /* Pods-JustStudy.release.xcconfig */ = {isa = PBXFileReference; includeInIndex = 1; lastKnownFileType = text.xcconfig; name = "Pods-JustStudy.release.xcconfig"; path = "Pods/Target Support Files/Pods-JustStudy/Pods-JustStudy.release.xcconfig"; sourceTree = "<group>"; };
		114E3A101EA8BD8400897B0E /* FirstMainTbvc.swift */ = {isa = PBXFileReference; fileEncoding = 4; lastKnownFileType = sourcecode.swift; path = FirstMainTbvc.swift; sourceTree = "<group>"; };
		114E3A121EA8BDA700897B0E /* FirstMainTbvCell.swift */ = {isa = PBXFileReference; fileEncoding = 4; lastKnownFileType = sourcecode.swift; path = FirstMainTbvCell.swift; sourceTree = "<group>"; };
		114E3A141EA8C61800897B0E /* TestModel.swift */ = {isa = PBXFileReference; fileEncoding = 4; lastKnownFileType = sourcecode.swift; path = TestModel.swift; sourceTree = "<group>"; };
		114E3A161EA8D1AF00897B0E /* FirstVC.swift */ = {isa = PBXFileReference; fileEncoding = 4; lastKnownFileType = sourcecode.swift; path = FirstVC.swift; sourceTree = "<group>"; };
		114E3A181EA9086E00897B0E /* FourthVC.swift */ = {isa = PBXFileReference; fileEncoding = 4; lastKnownFileType = sourcecode.swift; path = FourthVC.swift; sourceTree = "<group>"; };
		114E3A1A1EA90C2400897B0E /* FourthCollectionCell.swift */ = {isa = PBXFileReference; fileEncoding = 4; lastKnownFileType = sourcecode.swift; path = FourthCollectionCell.swift; sourceTree = "<group>"; };
		1186955B1EB08F9C0090E84F /* ChatEnterVC.swift */ = {isa = PBXFileReference; fileEncoding = 4; lastKnownFileType = sourcecode.swift; path = ChatEnterVC.swift; sourceTree = "<group>"; };
		1186955D1EB1DDDE0090E84F /* ShowQRcodeVC.swift */ = {isa = PBXFileReference; fileEncoding = 4; lastKnownFileType = sourcecode.swift; path = ShowQRcodeVC.swift; sourceTree = "<group>"; };
		1186955F1EB1DFC80090E84F /* SettingVC.swift */ = {isa = PBXFileReference; fileEncoding = 4; lastKnownFileType = sourcecode.swift; path = SettingVC.swift; sourceTree = "<group>"; };
		118695611EB1E3320090E84F /* VidioVC.swift */ = {isa = PBXFileReference; fileEncoding = 4; lastKnownFileType = sourcecode.swift; path = VidioVC.swift; sourceTree = "<group>"; };
		11A3674F1EAB1A85000BBAE2 /* DOFavoriteButton.swift */ = {isa = PBXFileReference; fileEncoding = 4; lastKnownFileType = sourcecode.swift; path = DOFavoriteButton.swift; sourceTree = "<group>"; };
		11A367501EAB1A85000BBAE2 /* heart.png */ = {isa = PBXFileReference; lastKnownFileType = image.png; path = heart.png; sourceTree = "<group>"; };
		11A367511EAB1A85000BBAE2 /* like.png */ = {isa = PBXFileReference; lastKnownFileType = image.png; path = like.png; sourceTree = "<group>"; };
		11A367521EAB1A85000BBAE2 /* smile.png */ = {isa = PBXFileReference; lastKnownFileType = image.png; path = smile.png; sourceTree = "<group>"; };
		11A367531EAB1A85000BBAE2 /* star.png */ = {isa = PBXFileReference; lastKnownFileType = image.png; path = star.png; sourceTree = "<group>"; };
		11A367591EAB33FC000BBAE2 /* FirstDetailTbvc.swift */ = {isa = PBXFileReference; fileEncoding = 4; lastKnownFileType = sourcecode.swift; path = FirstDetailTbvc.swift; sourceTree = "<group>"; };
		11A3675B1EAB35FE000BBAE2 /* firstHeroCell.swift */ = {isa = PBXFileReference; fileEncoding = 4; lastKnownFileType = sourcecode.swift; path = firstHeroCell.swift; sourceTree = "<group>"; };
		11A3675D1EAB5355000BBAE2 /* FirstMapVC.swift */ = {isa = PBXFileReference; fileEncoding = 4; lastKnownFileType = sourcecode.swift; path = FirstMapVC.swift; sourceTree = "<group>"; };
		11A3675F1EAB567C000BBAE2 /* ThirdMainTbvc.swift */ = {isa = PBXFileReference; fileEncoding = 4; lastKnownFileType = sourcecode.swift; path = ThirdMainTbvc.swift; sourceTree = "<group>"; };
		11A367681EAB74C5000BBAE2 /* MyActivityVC.swift */ = {isa = PBXFileReference; fileEncoding = 4; lastKnownFileType = sourcecode.swift; path = MyActivityVC.swift; sourceTree = "<group>"; };
		11AC16381EADD86B00C5D619 /* ThirdDetailTbvc.swift */ = {isa = PBXFileReference; fileEncoding = 4; lastKnownFileType = sourcecode.swift; path = ThirdDetailTbvc.swift; sourceTree = "<group>"; };
		11AC163A1EADDA3400C5D619 /* ThirdDetailVC.swift */ = {isa = PBXFileReference; fileEncoding = 4; lastKnownFileType = sourcecode.swift; path = ThirdDetailVC.swift; sourceTree = "<group>"; };
		11AC163C1EADDECF00C5D619 /* ThirdDetailHeroCell.swift */ = {isa = PBXFileReference; fileEncoding = 4; lastKnownFileType = sourcecode.swift; path = ThirdDetailHeroCell.swift; sourceTree = "<group>"; };
		11AC16401EADE25400C5D619 /* ThirdDetailCourseCell.swift */ = {isa = PBXFileReference; fileEncoding = 4; lastKnownFileType = sourcecode.swift; path = ThirdDetailCourseCell.swift; sourceTree = "<group>"; };
		11AC16421EADE27100C5D619 /* ThirdDetailSchoolCell.swift */ = {isa = PBXFileReference; fileEncoding = 4; lastKnownFileType = sourcecode.swift; path = ThirdDetailSchoolCell.swift; sourceTree = "<group>"; };
		11AC16441EADE28D00C5D619 /* ThirdDetailTourCell.swift */ = {isa = PBXFileReference; fileEncoding = 4; lastKnownFileType = sourcecode.swift; path = ThirdDetailTourCell.swift; sourceTree = "<group>"; };
		11AC16461EADF4A700C5D619 /* ActLikeVC.swift */ = {isa = PBXFileReference; fileEncoding = 4; lastKnownFileType = sourcecode.swift; path = ActLikeVC.swift; sourceTree = "<group>"; };
		11AC16481EADF4BF00C5D619 /* ActOrderVC.swift */ = {isa = PBXFileReference; fileEncoding = 4; lastKnownFileType = sourcecode.swift; path = ActOrderVC.swift; sourceTree = "<group>"; };
		11AC164A1EADFD1E00C5D619 /* ZoomingLayout.swift */ = {isa = PBXFileReference; fileEncoding = 4; lastKnownFileType = sourcecode.swift; path = ZoomingLayout.swift; sourceTree = "<group>"; };
		11AC164C1EADFD8100C5D619 /* ActLikeCell.swift */ = {isa = PBXFileReference; fileEncoding = 4; lastKnownFileType = sourcecode.swift; path = ActLikeCell.swift; sourceTree = "<group>"; };
		11AC164E1EADFD9800C5D619 /* ActOrderCell.swift */ = {isa = PBXFileReference; fileEncoding = 4; lastKnownFileType = sourcecode.swift; path = ActOrderCell.swift; sourceTree = "<group>"; };
		11C152551EA1FE7E00403394 /* JustStudy.app */ = {isa = PBXFileReference; explicitFileType = wrapper.application; includeInIndex = 0; path = JustStudy.app; sourceTree = BUILT_PRODUCTS_DIR; };
		11C152581EA1FE7E00403394 /* AppDelegate.swift */ = {isa = PBXFileReference; lastKnownFileType = sourcecode.swift; path = AppDelegate.swift; sourceTree = "<group>"; };
		11C1525D1EA1FE7E00403394 /* Base */ = {isa = PBXFileReference; lastKnownFileType = file.storyboard; name = Base; path = Base.lproj/Main.storyboard; sourceTree = "<group>"; };
		11C152601EA1FE7E00403394 /* JustStudy.xcdatamodel */ = {isa = PBXFileReference; lastKnownFileType = wrapper.xcdatamodel; path = JustStudy.xcdatamodel; sourceTree = "<group>"; };
		11C152621EA1FE7E00403394 /* Assets.xcassets */ = {isa = PBXFileReference; lastKnownFileType = folder.assetcatalog; path = Assets.xcassets; sourceTree = "<group>"; };
		11C152651EA1FE7E00403394 /* Base */ = {isa = PBXFileReference; lastKnownFileType = file.storyboard; name = Base; path = Base.lproj/LaunchScreen.storyboard; sourceTree = "<group>"; };
		11C152671EA1FE7E00403394 /* Info.plist */ = {isa = PBXFileReference; lastKnownFileType = text.plist.xml; path = Info.plist; sourceTree = "<group>"; };
		11C1526D1EA223FC00403394 /* GoogleService-Info.plist */ = {isa = PBXFileReference; fileEncoding = 4; lastKnownFileType = text.plist.xml; path = "GoogleService-Info.plist"; sourceTree = "<group>"; };
		11C1526F1EA2303700403394 /* LoginVC.swift */ = {isa = PBXFileReference; fileEncoding = 4; lastKnownFileType = sourcecode.swift; path = LoginVC.swift; sourceTree = "<group>"; };
		11C152711EA2305200403394 /* MainVC.swift */ = {isa = PBXFileReference; fileEncoding = 4; lastKnownFileType = sourcecode.swift; path = MainVC.swift; sourceTree = "<group>"; };
		11C152741EA2338500403394 /* JustStudy.entitlements */ = {isa = PBXFileReference; lastKnownFileType = text.plist.entitlements; path = JustStudy.entitlements; sourceTree = "<group>"; };
		92E83D741EB0C79C0015A102 /* MemberVC.swift */ = {isa = PBXFileReference; fileEncoding = 4; lastKnownFileType = sourcecode.swift; path = MemberVC.swift; sourceTree = "<group>"; };
		92E83D761EB0C9B10015A102 /* MemberListTVC.swift */ = {isa = PBXFileReference; fileEncoding = 4; lastKnownFileType = sourcecode.swift; path = MemberListTVC.swift; sourceTree = "<group>"; };
		92E83D781EB0CA220015A102 /* ManagerVC.swift */ = {isa = PBXFileReference; fileEncoding = 4; lastKnownFileType = sourcecode.swift; path = ManagerVC.swift; sourceTree = "<group>"; };
		92E83D821EB0FA190015A102 /* IntroPageVC.swift */ = {isa = PBXFileReference; fileEncoding = 4; lastKnownFileType = sourcecode.swift; path = IntroPageVC.swift; sourceTree = "<group>"; };
		92E83D841EB0FB570015A102 /* IntroPageCVC.swift */ = {isa = PBXFileReference; fileEncoding = 4; lastKnownFileType = sourcecode.swift; path = IntroPageCVC.swift; sourceTree = "<group>"; };
		92E83DA41EB252350015A102 /* QRListVC.swift */ = {isa = PBXFileReference; fileEncoding = 4; lastKnownFileType = sourcecode.swift; path = QRListVC.swift; sourceTree = "<group>"; };
		92E83DA61EB252830015A102 /* QRScanVC.swift */ = {isa = PBXFileReference; fileEncoding = 4; lastKnownFileType = sourcecode.swift; path = QRScanVC.swift; sourceTree = "<group>"; };
		92E83DA81EB256830015A102 /* beep.mp3 */ = {isa = PBXFileReference; lastKnownFileType = audio.mp3; path = beep.mp3; sourceTree = "<group>"; };
		932841AAB021DBAB20C1B1D2 /* Pods_JustStudy.framework */ = {isa = PBXFileReference; explicitFileType = wrapper.framework; includeInIndex = 0; path = Pods_JustStudy.framework; sourceTree = BUILT_PRODUCTS_DIR; };
		F6F563E2CAEC4538A1EEF5B5 /* Pods-JustStudy.debug.xcconfig */ = {isa = PBXFileReference; includeInIndex = 1; lastKnownFileType = text.xcconfig; name = "Pods-JustStudy.debug.xcconfig"; path = "Pods/Target Support Files/Pods-JustStudy/Pods-JustStudy.debug.xcconfig"; sourceTree = "<group>"; };
/* End PBXFileReference section */

/* Begin PBXFrameworksBuildPhase section */
		11C152521EA1FE7E00403394 /* Frameworks */ = {
			isa = PBXFrameworksBuildPhase;
			buildActionMask = 2147483647;
			files = (
				821D1F3D9098DDCC9E346134 /* Pods_JustStudy.framework in Frameworks */,
			);
			runOnlyForDeploymentPostprocessing = 0;
		};
/* End PBXFrameworksBuildPhase section */

/* Begin PBXGroup section */
		110CCA4C1EA3170700F6BCAF /* objc */ = {
			isa = PBXGroup;
			children = (
				110CCA451EA316BD00F6BCAF /* JustStudy-Bridging-Header.h */,
				110CCA461EA316BD00F6BCAF /* SWRevealViewController.h */,
				110CCA471EA316BD00F6BCAF /* SWRevealViewController.m */,
				110CCA491EA316F900F6BCAF /* Reachability.h */,
				110CCA4A1EA316F900F6BCAF /* Reachability.m */,
			);
			name = objc;
			path = JustStudy;
			sourceTree = "<group>";
		};
		110CCA4D1EA3175900F6BCAF /* View */ = {
			isa = PBXGroup;
			children = (
				11C1525C1EA1FE7E00403394 /* Main.storyboard */,
				11C152641EA1FE7E00403394 /* LaunchScreen.storyboard */,
				113A43C91EAF38EF00A21B0C /* AnimatedTransitioner.swift */,
				113A43CA1EAF38EF00A21B0C /* PresentationController.swift */,
				11AC164A1EADFD1E00C5D619 /* ZoomingLayout.swift */,
			);
			name = View;
			sourceTree = "<group>";
		};
		110CCA4E1EA3176300F6BCAF /* Model */ = {
			isa = PBXGroup;
			children = (
				110CCA531EA31BC200F6BCAF /* FireBaseHandler.swift */,
				110CCA591EA3C4F100F6BCAF /* Model.swift */,
				114E3A141EA8C61800897B0E /* TestModel.swift */,
			);
			name = Model;
			sourceTree = "<group>";
		};
		1138CF2C1EAC8CF300593E4F /* First */ = {
			isa = PBXGroup;
			children = (
				114E3A101EA8BD8400897B0E /* FirstMainTbvc.swift */,
				114E3A121EA8BDA700897B0E /* FirstMainTbvCell.swift */,
				114E3A161EA8D1AF00897B0E /* FirstVC.swift */,
				11A367591EAB33FC000BBAE2 /* FirstDetailTbvc.swift */,
				11A3675B1EAB35FE000BBAE2 /* firstHeroCell.swift */,
				1138CF241EAC57B700593E4F /* FirstInfoCell.swift */,
				1138CF261EAC5A8F00593E4F /* FirstDescriptionCell.swift */,
				1138CF281EAC62E400593E4F /* FirstTeacherCell.swift */,
				11A3675D1EAB5355000BBAE2 /* FirstMapVC.swift */,
				1138CF2A1EAC649100593E4F /* FirstOrganizerCell.swift */,
			);
			name = First;
			sourceTree = "<group>";
		};
		1138CF2D1EAC8D2F00593E4F /* Second */ = {
			isa = PBXGroup;
			children = (
			);
			name = Second;
			sourceTree = "<group>";
		};
		1138CF2E1EAC8D3700593E4F /* Third */ = {
			isa = PBXGroup;
			children = (
				11A3675F1EAB567C000BBAE2 /* ThirdMainTbvc.swift */,
				1138CF301EAC8E7400593E4F /* ThirdLiseVC.swift */,
				1138CF321EACD93800593E4F /* ThirdDescriptionCell.swift */,
				1138CF341EACD95400593E4F /* ThirdLiseCell.swift */,
				11AC16381EADD86B00C5D619 /* ThirdDetailTbvc.swift */,
				11AC163A1EADDA3400C5D619 /* ThirdDetailVC.swift */,
				11AC163C1EADDECF00C5D619 /* ThirdDetailHeroCell.swift */,
				11AC16401EADE25400C5D619 /* ThirdDetailCourseCell.swift */,
				11AC16421EADE27100C5D619 /* ThirdDetailSchoolCell.swift */,
				11AC16441EADE28D00C5D619 /* ThirdDetailTourCell.swift */,
				113A43CD1EAF395F00A21B0C /* ThirdDetailOverlayVC.swift */,
			);
			name = Third;
			sourceTree = "<group>";
		};
		1138CF2F1EAC8D4300593E4F /* Fourth */ = {
			isa = PBXGroup;
			children = (
				114E3A181EA9086E00897B0E /* FourthVC.swift */,
				114E3A1A1EA90C2400897B0E /* FourthCollectionCell.swift */,
				118695611EB1E3320090E84F /* VidioVC.swift */,
			);
			name = Fourth;
			sourceTree = "<group>";
		};
		114E3A0F1EA8BD4B00897B0E /* MainTBVC */ = {
			isa = PBXGroup;
			children = (
				1138CF2C1EAC8CF300593E4F /* First */,
				1138CF2D1EAC8D2F00593E4F /* Second */,
				1138CF2E1EAC8D3700593E4F /* Third */,
				1138CF2F1EAC8D4300593E4F /* Fourth */,
			);
			name = MainTBVC;
			sourceTree = "<group>";
		};
		1186955A1EB08F620090E84F /* Chat */ = {
			isa = PBXGroup;
			children = (
				1186955B1EB08F9C0090E84F /* ChatEnterVC.swift */,
				92E83D781EB0CA220015A102 /* ManagerVC.swift */,
				92E83D741EB0C79C0015A102 /* MemberVC.swift */,
				92E83D761EB0C9B10015A102 /* MemberListTVC.swift */,
			);
			name = Chat;
			sourceTree = "<group>";
		};
		11A367671EAB7470000BBAE2 /* MyActivity */ = {
			isa = PBXGroup;
			children = (
				11A367681EAB74C5000BBAE2 /* MyActivityVC.swift */,
				11AC16461EADF4A700C5D619 /* ActLikeVC.swift */,
				11AC16481EADF4BF00C5D619 /* ActOrderVC.swift */,
				11AC164C1EADFD8100C5D619 /* ActLikeCell.swift */,
				11AC164E1EADFD9800C5D619 /* ActOrderCell.swift */,
				1186955D1EB1DDDE0090E84F /* ShowQRcodeVC.swift */,
			);
			name = MyActivity;
			sourceTree = "<group>";
		};
		11C1524C1EA1FE7E00403394 = {
			isa = PBXGroup;
			children = (
				11C152571EA1FE7E00403394 /* JustStudy */,
				110CCA4C1EA3170700F6BCAF /* objc */,
				11C152561EA1FE7E00403394 /* Products */,
				1736AD23B582BDC72EDFB7D5 /* Pods */,
				42FF4AAC6D346ED7F6900AEE /* Frameworks */,
			);
			sourceTree = "<group>";
		};
		11C152561EA1FE7E00403394 /* Products */ = {
			isa = PBXGroup;
			children = (
				11C152551EA1FE7E00403394 /* JustStudy.app */,
			);
			name = Products;
			sourceTree = "<group>";
		};
		11C152571EA1FE7E00403394 /* JustStudy */ = {
			isa = PBXGroup;
			children = (
				11C152741EA2338500403394 /* JustStudy.entitlements */,
				11C152621EA1FE7E00403394 /* Assets.xcassets */,
				11C1525F1EA1FE7E00403394 /* JustStudy.xcdatamodeld */,
				11C1526D1EA223FC00403394 /* GoogleService-Info.plist */,
				11C152671EA1FE7E00403394 /* Info.plist */,
				11A3674F1EAB1A85000BBAE2 /* DOFavoriteButton.swift */,
				11A367501EAB1A85000BBAE2 /* heart.png */,
				11A367511EAB1A85000BBAE2 /* like.png */,
				11A367521EAB1A85000BBAE2 /* smile.png */,
				11A367531EAB1A85000BBAE2 /* star.png */,
				92E83DA81EB256830015A102 /* beep.mp3 */,
				110CCA4E1EA3176300F6BCAF /* Model */,
				110CCA4D1EA3175900F6BCAF /* View */,
				11C152731EA2306800403394 /* Controller */,
			);
			path = JustStudy;
			sourceTree = "<group>";
		};
		11C152731EA2306800403394 /* Controller */ = {
			isa = PBXGroup;
			children = (
				11C152581EA1FE7E00403394 /* AppDelegate.swift */,
				92E83D821EB0FA190015A102 /* IntroPageVC.swift */,
				92E83D841EB0FB570015A102 /* IntroPageCVC.swift */,
				11C1526F1EA2303700403394 /* LoginVC.swift */,
				110CCA551EA3215B00F6BCAF /* SignUpVC.swift */,
				110CCA571EA34D2600F6BCAF /* MenuTBVC.swift */,
				11C152711EA2305200403394 /* MainVC.swift */,
				110CCAA71EA5F92900F6BCAF /* MenuCollectionCell.swift */,
				1186955F1EB1DFC80090E84F /* SettingVC.swift */,
				92E83DA61EB252830015A102 /* QRScanVC.swift */,
				92E83DA41EB252350015A102 /* QRListVC.swift */,
				114E3A0F1EA8BD4B00897B0E /* MainTBVC */,
				11A367671EAB7470000BBAE2 /* MyActivity */,
				1186955A1EB08F620090E84F /* Chat */,
			);
			name = Controller;
			sourceTree = "<group>";
		};
		1736AD23B582BDC72EDFB7D5 /* Pods */ = {
			isa = PBXGroup;
			children = (
				F6F563E2CAEC4538A1EEF5B5 /* Pods-JustStudy.debug.xcconfig */,
				113E8DCB46BA3CA96A0FD6BD /* Pods-JustStudy.release.xcconfig */,
			);
			name = Pods;
			sourceTree = "<group>";
		};
		42FF4AAC6D346ED7F6900AEE /* Frameworks */ = {
			isa = PBXGroup;
			children = (
				932841AAB021DBAB20C1B1D2 /* Pods_JustStudy.framework */,
			);
			name = Frameworks;
			sourceTree = "<group>";
		};
/* End PBXGroup section */

/* Begin PBXNativeTarget section */
		11C152541EA1FE7E00403394 /* JustStudy */ = {
			isa = PBXNativeTarget;
			buildConfigurationList = 11C1526A1EA1FE7E00403394 /* Build configuration list for PBXNativeTarget "JustStudy" */;
			buildPhases = (
				3576D6FD9065574E40AE0F84 /* [CP] Check Pods Manifest.lock */,
				11C152511EA1FE7E00403394 /* Sources */,
				11C152521EA1FE7E00403394 /* Frameworks */,
				11C152531EA1FE7E00403394 /* Resources */,
				DBDF9F0033CBC36413C4BA30 /* [CP] Embed Pods Frameworks */,
				4663DFFB9D6691F69BBCB6F1 /* [CP] Copy Pods Resources */,
			);
			buildRules = (
			);
			dependencies = (
			);
			name = JustStudy;
			productName = JustStudy;
			productReference = 11C152551EA1FE7E00403394 /* JustStudy.app */;
			productType = "com.apple.product-type.application";
		};
/* End PBXNativeTarget section */

/* Begin PBXProject section */
		11C1524D1EA1FE7E00403394 /* Project object */ = {
			isa = PBXProject;
			attributes = {
				LastSwiftUpdateCheck = 0830;
				LastUpgradeCheck = 0830;
				ORGANIZATIONNAME = YenShao;
				TargetAttributes = {
					11C152541EA1FE7E00403394 = {
						CreatedOnToolsVersion = 8.3.1;
						DevelopmentTeam = 8H7X36TF25;
						LastSwiftMigration = 0830;
						ProvisioningStyle = Automatic;
						SystemCapabilities = {
							com.apple.Keychain = {
								enabled = 1;
							};
						};
					};
				};
			};
			buildConfigurationList = 11C152501EA1FE7E00403394 /* Build configuration list for PBXProject "JustStudy" */;
			compatibilityVersion = "Xcode 3.2";
			developmentRegion = English;
			hasScannedForEncodings = 0;
			knownRegions = (
				en,
				Base,
			);
			mainGroup = 11C1524C1EA1FE7E00403394;
			productRefGroup = 11C152561EA1FE7E00403394 /* Products */;
			projectDirPath = "";
			projectRoot = "";
			targets = (
				11C152541EA1FE7E00403394 /* JustStudy */,
			);
		};
/* End PBXProject section */

/* Begin PBXResourcesBuildPhase section */
		11C152531EA1FE7E00403394 /* Resources */ = {
			isa = PBXResourcesBuildPhase;
			buildActionMask = 2147483647;
			files = (
				11C152661EA1FE7E00403394 /* LaunchScreen.storyboard in Resources */,
				11A367571EAB1A85000BBAE2 /* smile.png in Resources */,
				92E83DA91EB256830015A102 /* beep.mp3 in Resources */,
				11C1526E1EA223FC00403394 /* GoogleService-Info.plist in Resources */,
				11A367561EAB1A85000BBAE2 /* like.png in Resources */,
				11A367551EAB1A85000BBAE2 /* heart.png in Resources */,
				11A367581EAB1A85000BBAE2 /* star.png in Resources */,
				11C152631EA1FE7E00403394 /* Assets.xcassets in Resources */,
				11C1525E1EA1FE7E00403394 /* Main.storyboard in Resources */,
			);
			runOnlyForDeploymentPostprocessing = 0;
		};
/* End PBXResourcesBuildPhase section */

/* Begin PBXShellScriptBuildPhase section */
		3576D6FD9065574E40AE0F84 /* [CP] Check Pods Manifest.lock */ = {
			isa = PBXShellScriptBuildPhase;
			buildActionMask = 2147483647;
			files = (
			);
			inputPaths = (
			);
			name = "[CP] Check Pods Manifest.lock";
			outputPaths = (
			);
			runOnlyForDeploymentPostprocessing = 0;
			shellPath = /bin/sh;
			shellScript = "diff \"${PODS_ROOT}/../Podfile.lock\" \"${PODS_ROOT}/Manifest.lock\" > /dev/null\nif [ $? != 0 ] ; then\n    # print error to STDERR\n    echo \"error: The sandbox is not in sync with the Podfile.lock. Run 'pod install' or update your CocoaPods installation.\" >&2\n    exit 1\nfi\n";
			showEnvVarsInLog = 0;
		};
		4663DFFB9D6691F69BBCB6F1 /* [CP] Copy Pods Resources */ = {
			isa = PBXShellScriptBuildPhase;
			buildActionMask = 2147483647;
			files = (
			);
			inputPaths = (
			);
			name = "[CP] Copy Pods Resources";
			outputPaths = (
			);
			runOnlyForDeploymentPostprocessing = 0;
			shellPath = /bin/sh;
			shellScript = "\"${SRCROOT}/Pods/Target Support Files/Pods-JustStudy/Pods-JustStudy-resources.sh\"\n";
			showEnvVarsInLog = 0;
		};
		DBDF9F0033CBC36413C4BA30 /* [CP] Embed Pods Frameworks */ = {
			isa = PBXShellScriptBuildPhase;
			buildActionMask = 2147483647;
			files = (
			);
			inputPaths = (
			);
			name = "[CP] Embed Pods Frameworks";
			outputPaths = (
			);
			runOnlyForDeploymentPostprocessing = 0;
			shellPath = /bin/sh;
			shellScript = "\"${SRCROOT}/Pods/Target Support Files/Pods-JustStudy/Pods-JustStudy-frameworks.sh\"\n";
			showEnvVarsInLog = 0;
		};
/* End PBXShellScriptBuildPhase section */

/* Begin PBXSourcesBuildPhase section */
		11C152511EA1FE7E00403394 /* Sources */ = {
			isa = PBXSourcesBuildPhase;
			buildActionMask = 2147483647;
			files = (
				118695621EB1E3320090E84F /* VidioVC.swift in Sources */,
				1186955E1EB1DDDE0090E84F /* ShowQRcodeVC.swift in Sources */,
				11A3675E1EAB5355000BBAE2 /* FirstMapVC.swift in Sources */,
				11AC164D1EADFD8100C5D619 /* ActLikeCell.swift in Sources */,
				92E83DA71EB252830015A102 /* QRScanVC.swift in Sources */,
				110CCAA81EA5F92900F6BCAF /* MenuCollectionCell.swift in Sources */,
				110CCA561EA3215B00F6BCAF /* SignUpVC.swift in Sources */,
				110CCA541EA31BC200F6BCAF /* FireBaseHandler.swift in Sources */,
				114E3A151EA8C61900897B0E /* TestModel.swift in Sources */,
				11A367541EAB1A85000BBAE2 /* DOFavoriteButton.swift in Sources */,
				1138CF251EAC57B700593E4F /* FirstInfoCell.swift in Sources */,
				1138CF291EAC62E400593E4F /* FirstTeacherCell.swift in Sources */,
				1138CF2B1EAC649100593E4F /* FirstOrganizerCell.swift in Sources */,
				92E83D851EB0FB570015A102 /* IntroPageCVC.swift in Sources */,
				11AC164F1EADFD9800C5D619 /* ActOrderCell.swift in Sources */,
				11C152611EA1FE7E00403394 /* JustStudy.xcdatamodeld in Sources */,
				110CCA581EA34D2600F6BCAF /* MenuTBVC.swift in Sources */,
				11AC163D1EADDECF00C5D619 /* ThirdDetailHeroCell.swift in Sources */,
				11A367691EAB74C5000BBAE2 /* MyActivityVC.swift in Sources */,
				11A3675A1EAB33FC000BBAE2 /* FirstDetailTbvc.swift in Sources */,
				92E83D771EB0C9B10015A102 /* MemberListTVC.swift in Sources */,
				114E3A131EA8BDA700897B0E /* FirstMainTbvCell.swift in Sources */,
				11AC16391EADD86B00C5D619 /* ThirdDetailTbvc.swift in Sources */,
				113A43CB1EAF38EF00A21B0C /* AnimatedTransitioner.swift in Sources */,
				11C152721EA2305200403394 /* MainVC.swift in Sources */,
				11AC16411EADE25400C5D619 /* ThirdDetailCourseCell.swift in Sources */,
				1138CF331EACD93800593E4F /* ThirdDescriptionCell.swift in Sources */,
				118695601EB1DFC80090E84F /* SettingVC.swift in Sources */,
				92E83DA51EB252350015A102 /* QRListVC.swift in Sources */,
				11A367601EAB567C000BBAE2 /* ThirdMainTbvc.swift in Sources */,
				11AC16451EADE28D00C5D619 /* ThirdDetailTourCell.swift in Sources */,
				110CCA5A1EA3C4F100F6BCAF /* Model.swift in Sources */,
				110CCA481EA316BD00F6BCAF /* SWRevealViewController.m in Sources */,
				11A3675C1EAB35FE000BBAE2 /* firstHeroCell.swift in Sources */,
				11AC164B1EADFD1E00C5D619 /* ZoomingLayout.swift in Sources */,
				92E83D751EB0C79C0015A102 /* MemberVC.swift in Sources */,
				11AC163B1EADDA3400C5D619 /* ThirdDetailVC.swift in Sources */,
				1138CF351EACD95400593E4F /* ThirdLiseCell.swift in Sources */,
				113A43CE1EAF395F00A21B0C /* ThirdDetailOverlayVC.swift in Sources */,
				114E3A191EA9086E00897B0E /* FourthVC.swift in Sources */,
				92E83D831EB0FA190015A102 /* IntroPageVC.swift in Sources */,
				11C152591EA1FE7E00403394 /* AppDelegate.swift in Sources */,
				11AC16491EADF4BF00C5D619 /* ActOrderVC.swift in Sources */,
				1186955C1EB08F9C0090E84F /* ChatEnterVC.swift in Sources */,
				1138CF311EAC8E7400593E4F /* ThirdLiseVC.swift in Sources */,
				110CCA4B1EA316F900F6BCAF /* Reachability.m in Sources */,
				11AC16471EADF4A700C5D619 /* ActLikeVC.swift in Sources */,
				114E3A111EA8BD8400897B0E /* FirstMainTbvc.swift in Sources */,
				11AC16431EADE27100C5D619 /* ThirdDetailSchoolCell.swift in Sources */,
				114E3A171EA8D1AF00897B0E /* FirstVC.swift in Sources */,
				11C152701EA2303700403394 /* LoginVC.swift in Sources */,
				114E3A1B1EA90C2400897B0E /* FourthCollectionCell.swift in Sources */,
				113A43CC1EAF38EF00A21B0C /* PresentationController.swift in Sources */,
				92E83D791EB0CA220015A102 /* ManagerVC.swift in Sources */,
				1138CF271EAC5A8F00593E4F /* FirstDescriptionCell.swift in Sources */,
			);
			runOnlyForDeploymentPostprocessing = 0;
		};
/* End PBXSourcesBuildPhase section */

/* Begin PBXVariantGroup section */
		11C1525C1EA1FE7E00403394 /* Main.storyboard */ = {
			isa = PBXVariantGroup;
			children = (
				11C1525D1EA1FE7E00403394 /* Base */,
			);
			name = Main.storyboard;
			sourceTree = "<group>";
		};
		11C152641EA1FE7E00403394 /* LaunchScreen.storyboard */ = {
			isa = PBXVariantGroup;
			children = (
				11C152651EA1FE7E00403394 /* Base */,
			);
			name = LaunchScreen.storyboard;
			sourceTree = "<group>";
		};
/* End PBXVariantGroup section */

/* Begin XCBuildConfiguration section */
		11C152681EA1FE7E00403394 /* Debug */ = {
			isa = XCBuildConfiguration;
			buildSettings = {
				ALWAYS_SEARCH_USER_PATHS = NO;
				CLANG_ANALYZER_NONNULL = YES;
				CLANG_ANALYZER_NUMBER_OBJECT_CONVERSION = YES_AGGRESSIVE;
				CLANG_CXX_LANGUAGE_STANDARD = "gnu++0x";
				CLANG_CXX_LIBRARY = "libc++";
				CLANG_ENABLE_MODULES = YES;
				CLANG_ENABLE_OBJC_ARC = YES;
				CLANG_WARN_BOOL_CONVERSION = YES;
				CLANG_WARN_CONSTANT_CONVERSION = YES;
				CLANG_WARN_DIRECT_OBJC_ISA_USAGE = YES_ERROR;
				CLANG_WARN_DOCUMENTATION_COMMENTS = YES;
				CLANG_WARN_EMPTY_BODY = YES;
				CLANG_WARN_ENUM_CONVERSION = YES;
				CLANG_WARN_INFINITE_RECURSION = YES;
				CLANG_WARN_INT_CONVERSION = YES;
				CLANG_WARN_OBJC_ROOT_CLASS = YES_ERROR;
				CLANG_WARN_SUSPICIOUS_MOVE = YES;
				CLANG_WARN_UNREACHABLE_CODE = YES;
				CLANG_WARN__DUPLICATE_METHOD_MATCH = YES;
				"CODE_SIGN_IDENTITY[sdk=iphoneos*]" = "iPhone Developer";
				COPY_PHASE_STRIP = NO;
				DEBUG_INFORMATION_FORMAT = dwarf;
				ENABLE_STRICT_OBJC_MSGSEND = YES;
				ENABLE_TESTABILITY = YES;
				GCC_C_LANGUAGE_STANDARD = gnu99;
				GCC_DYNAMIC_NO_PIC = NO;
				GCC_NO_COMMON_BLOCKS = YES;
				GCC_OPTIMIZATION_LEVEL = 0;
				GCC_PREPROCESSOR_DEFINITIONS = (
					"DEBUG=1",
					"$(inherited)",
				);
				GCC_WARN_64_TO_32_BIT_CONVERSION = YES;
				GCC_WARN_ABOUT_RETURN_TYPE = YES_ERROR;
				GCC_WARN_UNDECLARED_SELECTOR = YES;
				GCC_WARN_UNINITIALIZED_AUTOS = YES_AGGRESSIVE;
				GCC_WARN_UNUSED_FUNCTION = YES;
				GCC_WARN_UNUSED_VARIABLE = YES;
				IPHONEOS_DEPLOYMENT_TARGET = 10.3;
				MTL_ENABLE_DEBUG_INFO = YES;
				ONLY_ACTIVE_ARCH = YES;
				SDKROOT = iphoneos;
				SWIFT_ACTIVE_COMPILATION_CONDITIONS = DEBUG;
				SWIFT_OPTIMIZATION_LEVEL = "-Onone";
				TARGETED_DEVICE_FAMILY = "1,2";
			};
			name = Debug;
		};
		11C152691EA1FE7E00403394 /* Release */ = {
			isa = XCBuildConfiguration;
			buildSettings = {
				ALWAYS_SEARCH_USER_PATHS = NO;
				CLANG_ANALYZER_NONNULL = YES;
				CLANG_ANALYZER_NUMBER_OBJECT_CONVERSION = YES_AGGRESSIVE;
				CLANG_CXX_LANGUAGE_STANDARD = "gnu++0x";
				CLANG_CXX_LIBRARY = "libc++";
				CLANG_ENABLE_MODULES = YES;
				CLANG_ENABLE_OBJC_ARC = YES;
				CLANG_WARN_BOOL_CONVERSION = YES;
				CLANG_WARN_CONSTANT_CONVERSION = YES;
				CLANG_WARN_DIRECT_OBJC_ISA_USAGE = YES_ERROR;
				CLANG_WARN_DOCUMENTATION_COMMENTS = YES;
				CLANG_WARN_EMPTY_BODY = YES;
				CLANG_WARN_ENUM_CONVERSION = YES;
				CLANG_WARN_INFINITE_RECURSION = YES;
				CLANG_WARN_INT_CONVERSION = YES;
				CLANG_WARN_OBJC_ROOT_CLASS = YES_ERROR;
				CLANG_WARN_SUSPICIOUS_MOVE = YES;
				CLANG_WARN_UNREACHABLE_CODE = YES;
				CLANG_WARN__DUPLICATE_METHOD_MATCH = YES;
				"CODE_SIGN_IDENTITY[sdk=iphoneos*]" = "iPhone Developer";
				COPY_PHASE_STRIP = NO;
				DEBUG_INFORMATION_FORMAT = "dwarf-with-dsym";
				ENABLE_NS_ASSERTIONS = NO;
				ENABLE_STRICT_OBJC_MSGSEND = YES;
				GCC_C_LANGUAGE_STANDARD = gnu99;
				GCC_NO_COMMON_BLOCKS = YES;
				GCC_WARN_64_TO_32_BIT_CONVERSION = YES;
				GCC_WARN_ABOUT_RETURN_TYPE = YES_ERROR;
				GCC_WARN_UNDECLARED_SELECTOR = YES;
				GCC_WARN_UNINITIALIZED_AUTOS = YES_AGGRESSIVE;
				GCC_WARN_UNUSED_FUNCTION = YES;
				GCC_WARN_UNUSED_VARIABLE = YES;
				IPHONEOS_DEPLOYMENT_TARGET = 10.3;
				MTL_ENABLE_DEBUG_INFO = NO;
				SDKROOT = iphoneos;
				SWIFT_OPTIMIZATION_LEVEL = "-Owholemodule";
				TARGETED_DEVICE_FAMILY = "1,2";
				VALIDATE_PRODUCT = YES;
			};
			name = Release;
		};
		11C1526B1EA1FE7E00403394 /* Debug */ = {
			isa = XCBuildConfiguration;
			baseConfigurationReference = F6F563E2CAEC4538A1EEF5B5 /* Pods-JustStudy.debug.xcconfig */;
			buildSettings = {
				ASSETCATALOG_COMPILER_APPICON_NAME = AppIcon;
				CLANG_ENABLE_MODULES = YES;
				CODE_SIGN_ENTITLEMENTS = JustStudy/JustStudy.entitlements;
				DEVELOPMENT_TEAM = 8H7X36TF25;
				INFOPLIST_FILE = JustStudy/Info.plist;
				IPHONEOS_DEPLOYMENT_TARGET = 10.0;
				LD_RUNPATH_SEARCH_PATHS = "$(inherited) @executable_path/Frameworks";
				PRODUCT_BUNDLE_IDENTIFIER = com.YenShao.JustStudy;
				PRODUCT_NAME = "$(TARGET_NAME)";
				SWIFT_OBJC_BRIDGING_HEADER = "JustStudy/JustStudy-Bridging-Header.h";
				SWIFT_OPTIMIZATION_LEVEL = "-Onone";
				SWIFT_VERSION = 3.0;
				TARGETED_DEVICE_FAMILY = 1;
			};
			name = Debug;
		};
		11C1526C1EA1FE7E00403394 /* Release */ = {
			isa = XCBuildConfiguration;
			baseConfigurationReference = 113E8DCB46BA3CA96A0FD6BD /* Pods-JustStudy.release.xcconfig */;
			buildSettings = {
				ASSETCATALOG_COMPILER_APPICON_NAME = AppIcon;
				CLANG_ENABLE_MODULES = YES;
				CODE_SIGN_ENTITLEMENTS = JustStudy/JustStudy.entitlements;
				DEVELOPMENT_TEAM = 8H7X36TF25;
				INFOPLIST_FILE = JustStudy/Info.plist;
				IPHONEOS_DEPLOYMENT_TARGET = 10.0;
				LD_RUNPATH_SEARCH_PATHS = "$(inherited) @executable_path/Frameworks";
				PRODUCT_BUNDLE_IDENTIFIER = com.YenShao.JustStudy;
				PRODUCT_NAME = "$(TARGET_NAME)";
				SWIFT_OBJC_BRIDGING_HEADER = "JustStudy/JustStudy-Bridging-Header.h";
				SWIFT_VERSION = 3.0;
				TARGETED_DEVICE_FAMILY = 1;
			};
			name = Release;
		};
/* End XCBuildConfiguration section */

/* Begin XCConfigurationList section */
		11C152501EA1FE7E00403394 /* Build configuration list for PBXProject "JustStudy" */ = {
			isa = XCConfigurationList;
			buildConfigurations = (
				11C152681EA1FE7E00403394 /* Debug */,
				11C152691EA1FE7E00403394 /* Release */,
			);
			defaultConfigurationIsVisible = 0;
			defaultConfigurationName = Release;
		};
		11C1526A1EA1FE7E00403394 /* Build configuration list for PBXNativeTarget "JustStudy" */ = {
			isa = XCConfigurationList;
			buildConfigurations = (
				11C1526B1EA1FE7E00403394 /* Debug */,
				11C1526C1EA1FE7E00403394 /* Release */,
			);
			defaultConfigurationIsVisible = 0;
			defaultConfigurationName = Release;
		};
/* End XCConfigurationList section */

/* Begin XCVersionGroup section */
		11C1525F1EA1FE7E00403394 /* JustStudy.xcdatamodeld */ = {
			isa = XCVersionGroup;
			children = (
				11C152601EA1FE7E00403394 /* JustStudy.xcdatamodel */,
			);
			currentVersion = 11C152601EA1FE7E00403394 /* JustStudy.xcdatamodel */;
			path = JustStudy.xcdatamodeld;
			sourceTree = "<group>";
			versionGroupType = wrapper.xcdatamodel;
		};
/* End XCVersionGroup section */
	};
	rootObject = 11C1524D1EA1FE7E00403394 /* Project object */;
}
